
Microsoft Visual Studio Solution File, Format Version 12.00
# Visual Studio Version 17
VisualStudioVersion = 17.3.32901.215
MinimumVisualStudioVersion = 10.0.40219.1
Project("{9A19103F-16F7-4668-BE54-9A1E7A4F7556}") = "AddInfected", "AddInfected.csproj", "{F8B067F5-9932-41D9-8D6A-19A1841F4753}"
EndProject
Global
	GlobalSection(SolutionConfigurationPlatforms) = preSolution
		Debug|Any CPU = Debug|Any CPU
		Debug|x64 = Debug|x64
		Release|Any CPU = Release|Any CPU
		Release|x64 = Release|x64
	EndGlobalSection
	GlobalSection(ProjectConfigurationPlatforms) = postSolution
		{F8B067F5-9932-41D9-8D6A-19A1841F4753}.Debug|Any CPU.ActiveCfg = Debug|Any CPU
		{F8B067F5-9932-41D9-8D6A-19A1841F4753}.Debug|Any CPU.Build.0 = Debug|Any CPU
		{F8B067F5-9932-41D9-8D6A-19A1841F4753}.Debug|x64.ActiveCfg = Debug|x64
		{F8B067F5-9932-41D9-8D6A-19A1841F4753}.Debug|x64.Build.0 = Debug|x64
		{F8B067F5-9932-41D9-8D6A-19A1841F4753}.Release|Any CPU.ActiveCfg = Release|Any CPU
		{F8B067F5-9932-41D9-8D6A-19A1841F4753}.Release|Any CPU.Build.0 = Release|Any CPU
		{F8B067F5-9932-41D9-8D6A-19A1841F4753}.Release|x64.ActiveCfg = Release|x64
		{F8B067F5-9932-41D9-8D6A-19A1841F4753}.Release|x64.Build.0 = Release|x64
	EndGlobalSection
	GlobalSection(SolutionProperties) = preSolution
		HideSolutionNode = FALSE
	EndGlobalSection
	GlobalSection(ExtensibilityGlobals) = postSolution
		SolutionGuid = {DE89C765-2A93-499A-9F86-1EACA5572AD3}
	EndGlobalSection
EndGlobal
